
Microsoft Visual Studio Solution File, Format Version 12.00
# Visual Studio Version 16
VisualStudioVersion = 16.0.31624.102
MinimumVisualStudioVersion = 10.0.40219.1
Project("{9A19103F-16F7-4668-BE54-9A1E7A4F7556}") = "SchedulerMVC", "SchedulerMVC\SchedulerMVC.csproj", "{01F7EE0F-482C-4308-ADC9-740E3E5566D9}"
EndProject
Project("{9A19103F-16F7-4668-BE54-9A1E7A4F7556}") = "EntityLib", "EntityLib\EntityLib.csproj", "{4F6F3136-EE5B-4DD1-98AE-16C8259B1716}"
EndProject
Project("{9A19103F-16F7-4668-BE54-9A1E7A4F7556}") = "DataAccessLib", "DataAccessLib\DataAccessLib.csproj", "{DF31BD5F-20B1-4268-94C7-D9BFCBD71DBD}"
EndProject
Project("{9A19103F-16F7-4668-BE54-9A1E7A4F7556}") = "Core", "Core\Core.csproj", "{91F79A90-A109-4D63-8C31-04D25FF03E8D}"
EndProject
Project("{9A19103F-16F7-4668-BE54-9A1E7A4F7556}") = "BusinessLogicLib", "BusinessLogicLib\BusinessLogicLib.csproj", "{3E30C30E-501D-436C-91AE-E94E93555D9E}"
EndProject
Project("{9A19103F-16F7-4668-BE54-9A1E7A4F7556}") = "DTO", "DTO\DTO.csproj", "{0E53006A-CCFD-4C09-A92A-9118E63D7D79}"
EndProject
Project("{FAE04EC0-301F-11D3-BF4B-00C04F79EFBC}") = "tester", "tester\tester.csproj", "{78A659F5-49B4-4B6C-A8C3-B80BFFD2E2F0}"
EndProject
Global
	GlobalSection(SolutionConfigurationPlatforms) = preSolution
		Debug|Any CPU = Debug|Any CPU
		Release|Any CPU = Release|Any CPU
	EndGlobalSection
	GlobalSection(ProjectConfigurationPlatforms) = postSolution
		{01F7EE0F-482C-4308-ADC9-740E3E5566D9}.Debug|Any CPU.ActiveCfg = Debug|Any CPU
		{01F7EE0F-482C-4308-ADC9-740E3E5566D9}.Debug|Any CPU.Build.0 = Debug|Any CPU
		{01F7EE0F-482C-4308-ADC9-740E3E5566D9}.Release|Any CPU.ActiveCfg = Release|Any CPU
		{01F7EE0F-482C-4308-ADC9-740E3E5566D9}.Release|Any CPU.Build.0 = Release|Any CPU
		{4F6F3136-EE5B-4DD1-98AE-16C8259B1716}.Debug|Any CPU.ActiveCfg = Debug|Any CPU
		{4F6F3136-EE5B-4DD1-98AE-16C8259B1716}.Debug|Any CPU.Build.0 = Debug|Any CPU
		{4F6F3136-EE5B-4DD1-98AE-16C8259B1716}.Release|Any CPU.ActiveCfg = Release|Any CPU
		{4F6F3136-EE5B-4DD1-98AE-16C8259B1716}.Release|Any CPU.Build.0 = Release|Any CPU
		{DF31BD5F-20B1-4268-94C7-D9BFCBD71DBD}.Debug|Any CPU.ActiveCfg = Debug|Any CPU
		{DF31BD5F-20B1-4268-94C7-D9BFCBD71DBD}.Debug|Any CPU.Build.0 = Debug|Any CPU
		{DF31BD5F-20B1-4268-94C7-D9BFCBD71DBD}.Release|Any CPU.ActiveCfg = Release|Any CPU
		{DF31BD5F-20B1-4268-94C7-D9BFCBD71DBD}.Release|Any CPU.Build.0 = Release|Any CPU
		{91F79A90-A109-4D63-8C31-04D25FF03E8D}.Debug|Any CPU.ActiveCfg = Debug|Any CPU
		{91F79A90-A109-4D63-8C31-04D25FF03E8D}.Debug|Any CPU.Build.0 = Debug|Any CPU
		{91F79A90-A109-4D63-8C31-04D25FF03E8D}.Release|Any CPU.ActiveCfg = Release|Any CPU
		{91F79A90-A109-4D63-8C31-04D25FF03E8D}.Release|Any CPU.Build.0 = Release|Any CPU
		{3E30C30E-501D-436C-91AE-E94E93555D9E}.Debug|Any CPU.ActiveCfg = Debug|Any CPU
		{3E30C30E-501D-436C-91AE-E94E93555D9E}.Debug|Any CPU.Build.0 = Debug|Any CPU
		{3E30C30E-501D-436C-91AE-E94E93555D9E}.Release|Any CPU.ActiveCfg = Release|Any CPU
		{3E30C30E-501D-436C-91AE-E94E93555D9E}.Release|Any CPU.Build.0 = Release|Any CPU
		{0E53006A-CCFD-4C09-A92A-9118E63D7D79}.Debug|Any CPU.ActiveCfg = Debug|Any CPU
		{0E53006A-CCFD-4C09-A92A-9118E63D7D79}.Debug|Any CPU.Build.0 = Debug|Any CPU
		{0E53006A-CCFD-4C09-A92A-9118E63D7D79}.Release|Any CPU.ActiveCfg = Release|Any CPU
		{0E53006A-CCFD-4C09-A92A-9118E63D7D79}.Release|Any CPU.Build.0 = Release|Any CPU
		{78A659F5-49B4-4B6C-A8C3-B80BFFD2E2F0}.Debug|Any CPU.ActiveCfg = Debug|Any CPU
		{78A659F5-49B4-4B6C-A8C3-B80BFFD2E2F0}.Debug|Any CPU.Build.0 = Debug|Any CPU
		{78A659F5-49B4-4B6C-A8C3-B80BFFD2E2F0}.Release|Any CPU.ActiveCfg = Release|Any CPU
		{78A659F5-49B4-4B6C-A8C3-B80BFFD2E2F0}.Release|Any CPU.Build.0 = Release|Any CPU
	EndGlobalSection
	GlobalSection(SolutionProperties) = preSolution
		HideSolutionNode = FALSE
	EndGlobalSection
	GlobalSection(ExtensibilityGlobals) = postSolution
		SolutionGuid = {A8531B9C-0FD7-4AC8-B0FF-1B3306FB9265}
	EndGlobalSection
EndGlobal
